// !$*UTF8*$!
{
	archiveVersion = 1;
	classes = {
	};
	objectVersion = 52;
	objects = {

/* Begin PBXBuildFile section */
		5E88A7782562DA4500EE6ADD /* DisplayAdViewController.swift in Sources */ = {isa = PBXBuildFile; fileRef = 5E88A7772562DA4500EE6ADD /* DisplayAdViewController.swift */; };
		5E88A77A2564177400EE6ADD /* AdView.swift in Sources */ = {isa = PBXBuildFile; fileRef = 5E88A7792564177400EE6ADD /* AdView.swift */; };
		5EADAED32562D72800B53527 /* AppDelegate.swift in Sources */ = {isa = PBXBuildFile; fileRef = 5EADAED22562D72800B53527 /* AppDelegate.swift */; };
		5EADAED52562D72800B53527 /* SceneDelegate.swift in Sources */ = {isa = PBXBuildFile; fileRef = 5EADAED42562D72800B53527 /* SceneDelegate.swift */; };
		5EADAED72562D72800B53527 /* BannerAdViewController.swift in Sources */ = {isa = PBXBuildFile; fileRef = 5EADAED62562D72800B53527 /* BannerAdViewController.swift */; };
		5EADAEDA2562D72800B53527 /* Main.storyboard in Resources */ = {isa = PBXBuildFile; fileRef = 5EADAED82562D72800B53527 /* Main.storyboard */; };
		5EADAEDC2562D72D00B53527 /* Assets.xcassets in Resources */ = {isa = PBXBuildFile; fileRef = 5EADAEDB2562D72D00B53527 /* Assets.xcassets */; };
		5EADAEDF2562D72D00B53527 /* LaunchScreen.storyboard in Resources */ = {isa = PBXBuildFile; fileRef = 5EADAEDD2562D72D00B53527 /* LaunchScreen.storyboard */; };
		5EADAEEA2562D72D00B53527 /* Test_GAMTests.swift in Sources */ = {isa = PBXBuildFile; fileRef = 5EADAEE92562D72D00B53527 /* Test_GAMTests.swift */; };
		5EADAEF52562D77800B53527 /* GoogleMobileAds.xcframework in Frameworks */ = {isa = PBXBuildFile; fileRef = 5EADAEF42562D77800B53527 /* GoogleMobileAds.xcframework */; };
		5EADAEF72562D82800B53527 /* ListViewController.swift in Sources */ = {isa = PBXBuildFile; fileRef = 5EADAEF62562D82800B53527 /* ListViewController.swift */; };
		5EADAEF92562D84700B53527 /* AdType.swift in Sources */ = {isa = PBXBuildFile; fileRef = 5EADAEF82562D84700B53527 /* AdType.swift */; };
/* End PBXBuildFile section */

/* Begin PBXContainerItemProxy section */
		5EADAEE62562D72D00B53527 /* PBXContainerItemProxy */ = {
			isa = PBXContainerItemProxy;
			containerPortal = 5EADAEC72562D72800B53527 /* Project object */;
			proxyType = 1;
			remoteGlobalIDString = 5EADAECE2562D72800B53527;
			remoteInfo = "Test GAM";
		};
/* End PBXContainerItemProxy section */

/* Begin PBXFileReference section */
		5E88A7772562DA4500EE6ADD /* DisplayAdViewController.swift */ = {isa = PBXFileReference; lastKnownFileType = sourcecode.swift; path = DisplayAdViewController.swift; sourceTree = "<group>"; };
		5E88A7792564177400EE6ADD /* AdView.swift */ = {isa = PBXFileReference; lastKnownFileType = sourcecode.swift; path = AdView.swift; sourceTree = "<group>"; };
		5EADAECF2562D72800B53527 /* Test GAM.app */ = {isa = PBXFileReference; explicitFileType = wrapper.application; includeInIndex = 0; path = "Test GAM.app"; sourceTree = BUILT_PRODUCTS_DIR; };
		5EADAED22562D72800B53527 /* AppDelegate.swift */ = {isa = PBXFileReference; lastKnownFileType = sourcecode.swift; path = AppDelegate.swift; sourceTree = "<group>"; };
		5EADAED42562D72800B53527 /* SceneDelegate.swift */ = {isa = PBXFileReference; lastKnownFileType = sourcecode.swift; path = SceneDelegate.swift; sourceTree = "<group>"; };
		5EADAED62562D72800B53527 /* BannerAdViewController.swift */ = {isa = PBXFileReference; lastKnownFileType = sourcecode.swift; path = BannerAdViewController.swift; sourceTree = "<group>"; };
		5EADAED92562D72800B53527 /* Base */ = {isa = PBXFileReference; lastKnownFileType = file.storyboard; name = Base; path = Base.lproj/Main.storyboard; sourceTree = "<group>"; };
		5EADAEDB2562D72D00B53527 /* Assets.xcassets */ = {isa = PBXFileReference; lastKnownFileType = folder.assetcatalog; path = Assets.xcassets; sourceTree = "<group>"; };
		5EADAEDE2562D72D00B53527 /* Base */ = {isa = PBXFileReference; lastKnownFileType = file.storyboard; name = Base; path = Base.lproj/LaunchScreen.storyboard; sourceTree = "<group>"; };
		5EADAEE02562D72D00B53527 /* Info.plist */ = {isa = PBXFileReference; lastKnownFileType = text.plist.xml; path = Info.plist; sourceTree = "<group>"; };
		5EADAEE52562D72D00B53527 /* Test GAMTests.xctest */ = {isa = PBXFileReference; explicitFileType = wrapper.cfbundle; includeInIndex = 0; path = "Test GAMTests.xctest"; sourceTree = BUILT_PRODUCTS_DIR; };
		5EADAEE92562D72D00B53527 /* Test_GAMTests.swift */ = {isa = PBXFileReference; lastKnownFileType = sourcecode.swift; path = Test_GAMTests.swift; sourceTree = "<group>"; };
		5EADAEEB2562D72D00B53527 /* Info.plist */ = {isa = PBXFileReference; lastKnownFileType = text.plist.xml; path = Info.plist; sourceTree = "<group>"; };
		5EADAEF42562D77800B53527 /* GoogleMobileAds.xcframework */ = {isa = PBXFileReference; lastKnownFileType = wrapper.xcframework; path = GoogleMobileAds.xcframework; sourceTree = "<group>"; };
		5EADAEF62562D82800B53527 /* ListViewController.swift */ = {isa = PBXFileReference; lastKnownFileType = sourcecode.swift; path = ListViewController.swift; sourceTree = "<group>"; };
		5EADAEF82562D84700B53527 /* AdType.swift */ = {isa = PBXFileReference; lastKnownFileType = sourcecode.swift; path = AdType.swift; sourceTree = "<group>"; };
/* End PBXFileReference section */

/* Begin PBXFrameworksBuildPhase section */
		5EADAECC2562D72800B53527 /* Frameworks */ = {
			isa = PBXFrameworksBuildPhase;
			buildActionMask = 2147483647;
			files = (
				5EADAEF52562D77800B53527 /* GoogleMobileAds.xcframework in Frameworks */,
			);
			runOnlyForDeploymentPostprocessing = 0;
		};
		5EADAEE22562D72D00B53527 /* Frameworks */ = {
			isa = PBXFrameworksBuildPhase;
			buildActionMask = 2147483647;
			files = (
			);
			runOnlyForDeploymentPostprocessing = 0;
		};
/* End PBXFrameworksBuildPhase section */

/* Begin PBXGroup section */
		5EADAEC62562D72800B53527 = {
			isa = PBXGroup;
			children = (
				5EADAED12562D72800B53527 /* Test GAM */,
				5EADAEE82562D72D00B53527 /* Test GAMTests */,
				5EADAED02562D72800B53527 /* Products */,
			);
			sourceTree = "<group>";
		};
		5EADAED02562D72800B53527 /* Products */ = {
			isa = PBXGroup;
			children = (
				5EADAECF2562D72800B53527 /* Test GAM.app */,
				5EADAEE52562D72D00B53527 /* Test GAMTests.xctest */,
			);
			name = Products;
			sourceTree = "<group>";
		};
		5EADAED12562D72800B53527 /* Test GAM */ = {
			isa = PBXGroup;
			children = (
				5EADAEF42562D77800B53527 /* GoogleMobileAds.xcframework */,
				5EADAED22562D72800B53527 /* AppDelegate.swift */,
				5EADAED42562D72800B53527 /* SceneDelegate.swift */,
				5EADAEF62562D82800B53527 /* ListViewController.swift */,
				5EADAEF82562D84700B53527 /* AdType.swift */,
				5EADAED62562D72800B53527 /* BannerAdViewController.swift */,
				5E88A7772562DA4500EE6ADD /* DisplayAdViewController.swift */,
				5EADAED82562D72800B53527 /* Main.storyboard */,
				5EADAEDB2562D72D00B53527 /* Assets.xcassets */,
				5EADAEDD2562D72D00B53527 /* LaunchScreen.storyboard */,
				5EADAEE02562D72D00B53527 /* Info.plist */,
				5E88A7792564177400EE6ADD /* AdView.swift */,
			);
			path = "Test GAM";
			sourceTree = "<group>";
		};
		5EADAEE82562D72D00B53527 /* Test GAMTests */ = {
			isa = PBXGroup;
			children = (
				5EADAEE92562D72D00B53527 /* Test_GAMTests.swift */,
				5EADAEEB2562D72D00B53527 /* Info.plist */,
			);
			path = "Test GAMTests";
			sourceTree = "<group>";
		};
/* End PBXGroup section */

/* Begin PBXNativeTarget section */
		5EADAECE2562D72800B53527 /* Test GAM */ = {
			isa = PBXNativeTarget;
			buildConfigurationList = 5EADAEEE2562D72D00B53527 /* Build configuration list for PBXNativeTarget "Test GAM" */;
			buildPhases = (
				5EADAECB2562D72800B53527 /* Sources */,
				5EADAECC2562D72800B53527 /* Frameworks */,
				5EADAECD2562D72800B53527 /* Resources */,
			);
			buildRules = (
			);
			dependencies = (
			);
			name = "Test GAM";
			productName = "Test GAM";
			productReference = 5EADAECF2562D72800B53527 /* Test GAM.app */;
			productType = "com.apple.product-type.application";
		};
		5EADAEE42562D72D00B53527 /* Test GAMTests */ = {
			isa = PBXNativeTarget;
			buildConfigurationList = 5EADAEF12562D72D00B53527 /* Build configuration list for PBXNativeTarget "Test GAMTests" */;
			buildPhases = (
				5EADAEE12562D72D00B53527 /* Sources */,
				5EADAEE22562D72D00B53527 /* Frameworks */,
				5EADAEE32562D72D00B53527 /* Resources */,
			);
			buildRules = (
			);
			dependencies = (
				5EADAEE72562D72D00B53527 /* PBXTargetDependency */,
			);
			name = "Test GAMTests";
			productName = "Test GAMTests";
			productReference = 5EADAEE52562D72D00B53527 /* Test GAMTests.xctest */;
			productType = "com.apple.product-type.bundle.unit-test";
		};
/* End PBXNativeTarget section */

/* Begin PBXProject section */
		5EADAEC72562D72800B53527 /* Project object */ = {
			isa = PBXProject;
			attributes = {
				LastSwiftUpdateCheck = 1170;
				LastUpgradeCheck = 1240;
				ORGANIZATIONNAME = "Sylvan Ash";
				TargetAttributes = {
					5EADAECE2562D72800B53527 = {
						CreatedOnToolsVersion = 11.7;
					};
					5EADAEE42562D72D00B53527 = {
						CreatedOnToolsVersion = 11.7;
						TestTargetID = 5EADAECE2562D72800B53527;
					};
				};
			};
			buildConfigurationList = 5EADAECA2562D72800B53527 /* Build configuration list for PBXProject "Test GAM" */;
			compatibilityVersion = "Xcode 9.3";
			developmentRegion = en;
			hasScannedForEncodings = 0;
			knownRegions = (
				en,
				Base,
			);
			mainGroup = 5EADAEC62562D72800B53527;
			productRefGroup = 5EADAED02562D72800B53527 /* Products */;
			projectDirPath = "";
			projectRoot = "";
			targets = (
				5EADAECE2562D72800B53527 /* Test GAM */,
				5EADAEE42562D72D00B53527 /* Test GAMTests */,
			);
		};
/* End PBXProject section */

/* Begin PBXResourcesBuildPhase section */
		5EADAECD2562D72800B53527 /* Resources */ = {
			isa = PBXResourcesBuildPhase;
			buildActionMask = 2147483647;
			files = (
				5EADAEDF2562D72D00B53527 /* LaunchScreen.storyboard in Resources */,
				5EADAEDC2562D72D00B53527 /* Assets.xcassets in Resources */,
				5EADAEDA2562D72800B53527 /* Main.storyboard in Resources */,
			);
			runOnlyForDeploymentPostprocessing = 0;
		};
		5EADAEE32562D72D00B53527 /* Resources */ = {
			isa = PBXResourcesBuildPhase;
			buildActionMask = 2147483647;
			files = (
			);
			runOnlyForDeploymentPostprocessing = 0;
		};
/* End PBXResourcesBuildPhase section */

/* Begin PBXSourcesBuildPhase section */
		5EADAECB2562D72800B53527 /* Sources */ = {
			isa = PBXSourcesBuildPhase;
			buildActionMask = 2147483647;
			files = (
				5EADAED72562D72800B53527 /* BannerAdViewController.swift in Sources */,
				5EADAEF92562D84700B53527 /* AdType.swift in Sources */,
				5EADAED32562D72800B53527 /* AppDelegate.swift in Sources */,
				5E88A77A2564177400EE6ADD /* AdView.swift in Sources */,
				5EADAEF72562D82800B53527 /* ListViewController.swift in Sources */,
				5E88A7782562DA4500EE6ADD /* DisplayAdViewController.swift in Sources */,
				5EADAED52562D72800B53527 /* SceneDelegate.swift in Sources */,
			);
			runOnlyForDeploymentPostprocessing = 0;
		};
		5EADAEE12562D72D00B53527 /* Sources */ = {
			isa = PBXSourcesBuildPhase;
			buildActionMask = 2147483647;
			files = (
				5EADAEEA2562D72D00B53527 /* Test_GAMTests.swift in Sources */,
			);
			runOnlyForDeploymentPostprocessing = 0;
		};
/* End PBXSourcesBuildPhase section */

/* Begin PBXTargetDependency section */
		5EADAEE72562D72D00B53527 /* PBXTargetDependency */ = {
			isa = PBXTargetDependency;
			target = 5EADAECE2562D72800B53527 /* Test GAM */;
			targetProxy = 5EADAEE62562D72D00B53527 /* PBXContainerItemProxy */;
		};
/* End PBXTargetDependency section */

/* Begin PBXVariantGroup section */
		5EADAED82562D72800B53527 /* Main.storyboard */ = {
			isa = PBXVariantGroup;
			children = (
				5EADAED92562D72800B53527 /* Base */,
			);
			name = Main.storyboard;
			sourceTree = "<group>";
		};
		5EADAEDD2562D72D00B53527 /* LaunchScreen.storyboard */ = {
			isa = PBXVariantGroup;
			children = (
				5EADAEDE2562D72D00B53527 /* Base */,
			);
			name = LaunchScreen.storyboard;
			sourceTree = "<group>";
		};
/* End PBXVariantGroup section */

/* Begin XCBuildConfiguration section */
		5EADAEEC2562D72D00B53527 /* Debug */ = {
			isa = XCBuildConfiguration;
			buildSettings = {
				ALWAYS_SEARCH_USER_PATHS = NO;
				CLANG_ANALYZER_NONNULL = YES;
				CLANG_ANALYZER_NUMBER_OBJECT_CONVERSION = YES_AGGRESSIVE;
				CLANG_CXX_LANGUAGE_STANDARD = "gnu++14";
				CLANG_CXX_LIBRARY = "libc++";
				CLANG_ENABLE_MODULES = YES;
				CLANG_ENABLE_OBJC_ARC = YES;
				CLANG_ENABLE_OBJC_WEAK = YES;
				CLANG_WARN_BLOCK_CAPTURE_AUTORELEASING = YES;
				CLANG_WARN_BOOL_CONVERSION = YES;
				CLANG_WARN_COMMA = YES;
				CLANG_WARN_CONSTANT_CONVERSION = YES;
				CLANG_WARN_DEPRECATED_OBJC_IMPLEMENTATIONS = YES;
				CLANG_WARN_DIRECT_OBJC_ISA_USAGE = YES_ERROR;
				CLANG_WARN_DOCUMENTATION_COMMENTS = YES;
				CLANG_WARN_EMPTY_BODY = YES;
				CLANG_WARN_ENUM_CONVERSION = YES;
				CLANG_WARN_INFINITE_RECURSION = YES;
				CLANG_WARN_INT_CONVERSION = YES;
				CLANG_WARN_NON_LITERAL_NULL_CONVERSION = YES;
				CLANG_WARN_OBJC_IMPLICIT_RETAIN_SELF = YES;
				CLANG_WARN_OBJC_LITERAL_CONVERSION = YES;
				CLANG_WARN_OBJC_ROOT_CLASS = YES_ERROR;
				CLANG_WARN_QUOTED_INCLUDE_IN_FRAMEWORK_HEADER = YES;
				CLANG_WARN_RANGE_LOOP_ANALYSIS = YES;
				CLANG_WARN_STRICT_PROTOTYPES = YES;
				CLANG_WARN_SUSPICIOUS_MOVE = YES;
				CLANG_WARN_UNGUARDED_AVAILABILITY = YES_AGGRESSIVE;
				CLANG_WARN_UNREACHABLE_CODE = YES;
				CLANG_WARN__DUPLICATE_METHOD_MATCH = YES;
				COPY_PHASE_STRIP = NO;
				DEBUG_INFORMATION_FORMAT = dwarf;
				ENABLE_STRICT_OBJC_MSGSEND = YES;
				ENABLE_TESTABILITY = YES;
				GCC_C_LANGUAGE_STANDARD = gnu11;
				GCC_DYNAMIC_NO_PIC = NO;
				GCC_NO_COMMON_BLOCKS = YES;
				GCC_OPTIMIZATION_LEVEL = 0;
				GCC_PREPROCESSOR_DEFINITIONS = (
					"DEBUG=1",
					"$(inherited)",
				);
				GCC_WARN_64_TO_32_BIT_CONVERSION = YES;
				GCC_WARN_ABOUT_RETURN_TYPE = YES_ERROR;
				GCC_WARN_UNDECLARED_SELECTOR = YES;
				GCC_WARN_UNINITIALIZED_AUTOS = YES_AGGRESSIVE;
				GCC_WARN_UNUSED_FUNCTION = YES;
				GCC_WARN_UNUSED_VARIABLE = YES;
				IPHONEOS_DEPLOYMENT_TARGET = 13.7;
				MTL_ENABLE_DEBUG_INFO = INCLUDE_SOURCE;
				MTL_FAST_MATH = YES;
				ONLY_ACTIVE_ARCH = YES;
				SDKROOT = iphoneos;
				SWIFT_ACTIVE_COMPILATION_CONDITIONS = DEBUG;
				SWIFT_OPTIMIZATION_LEVEL = "-Onone";
			};
			name = Debug;
		};
		5EADAEED2562D72D00B53527 /* Release */ = {
			isa = XCBuildConfiguration;
			buildSettings = {
				ALWAYS_SEARCH_USER_PATHS = NO;
				CLANG_ANALYZER_NONNULL = YES;
				CLANG_ANALYZER_NUMBER_OBJECT_CONVERSION = YES_AGGRESSIVE;
				CLANG_CXX_LANGUAGE_STANDARD = "gnu++14";
				CLANG_CXX_LIBRARY = "libc++";
				CLANG_ENABLE_MODULES = YES;
				CLANG_ENABLE_OBJC_ARC = YES;
				CLANG_ENABLE_OBJC_WEAK = YES;
				CLANG_WARN_BLOCK_CAPTURE_AUTORELEASING = YES;
				CLANG_WARN_BOOL_CONVERSION = YES;
				CLANG_WARN_COMMA = YES;
				CLANG_WARN_CONSTANT_CONVERSION = YES;
				CLANG_WARN_DEPRECATED_OBJC_IMPLEMENTATIONS = YES;
				CLANG_WARN_DIRECT_OBJC_ISA_USAGE = YES_ERROR;
				CLANG_WARN_DOCUMENTATION_COMMENTS = YES;
				CLANG_WARN_EMPTY_BODY = YES;
				CLANG_WARN_ENUM_CONVERSION = YES;
				CLANG_WARN_INFINITE_RECURSION = YES;
				CLANG_WARN_INT_CONVERSION = YES;
				CLANG_WARN_NON_LITERAL_NULL_CONVERSION = YES;
				CLANG_WARN_OBJC_IMPLICIT_RETAIN_SELF = YES;
				CLANG_WARN_OBJC_LITERAL_CONVERSION = YES;
				CLANG_WARN_OBJC_ROOT_CLASS = YES_ERROR;
				CLANG_WARN_QUOTED_INCLUDE_IN_FRAMEWORK_HEADER = YES;
				CLANG_WARN_RANGE_LOOP_ANALYSIS = YES;
				CLANG_WARN_STRICT_PROTOTYPES = YES;
				CLANG_WARN_SUSPICIOUS_MOVE = YES;
				CLANG_WARN_UNGUARDED_AVAILABILITY = YES_AGGRESSIVE;
				CLANG_WARN_UNREACHABLE_CODE = YES;
				CLANG_WARN__DUPLICATE_METHOD_MATCH = YES;
				COPY_PHASE_STRIP = NO;
				DEBUG_INFORMATION_FORMAT = "dwarf-with-dsym";
				ENABLE_NS_ASSERTIONS = NO;
				ENABLE_STRICT_OBJC_MSGSEND = YES;
				GCC_C_LANGUAGE_STANDARD = gnu11;
				GCC_NO_COMMON_BLOCKS = YES;
				GCC_WARN_64_TO_32_BIT_CONVERSION = YES;
				GCC_WARN_ABOUT_RETURN_TYPE = YES_ERROR;
				GCC_WARN_UNDECLARED_SELECTOR = YES;
				GCC_WARN_UNINITIALIZED_AUTOS = YES_AGGRESSIVE;
				GCC_WARN_UNUSED_FUNCTION = YES;
				GCC_WARN_UNUSED_VARIABLE = YES;
				IPHONEOS_DEPLOYMENT_TARGET = 13.7;
				MTL_ENABLE_DEBUG_INFO = NO;
				MTL_FAST_MATH = YES;
				SDKROOT = iphoneos;
				SWIFT_COMPILATION_MODE = wholemodule;
				SWIFT_OPTIMIZATION_LEVEL = "-O";
				VALIDATE_PRODUCT = YES;
			};
			name = Release;
		};
		5EADAEEF2562D72D00B53527 /* Debug */ = {
			isa = XCBuildConfiguration;
			buildSettings = {
				ASSETCATALOG_COMPILER_APPICON_NAME = AppIcon;
				CODE_SIGN_STYLE = Automatic;
				INFOPLIST_FILE = "Test GAM/Info.plist";
				IPHONEOS_DEPLOYMENT_TARGET = 13.0;
				LD_RUNPATH_SEARCH_PATHS = (
					"$(inherited)",
					"@executable_path/Frameworks",
				);
				PRODUCT_BUNDLE_IDENTIFIER = "com.daitensai.Test-GAM";
				PRODUCT_NAME = "$(TARGET_NAME)";
				SWIFT_VERSION = 5.0;
				TARGETED_DEVICE_FAMILY = 1;
			};
			name = Debug;
		};
		5EADAEF02562D72D00B53527 /* Release */ = {
			isa = XCBuildConfiguration;
			buildSettings = {
				ASSETCATALOG_COMPILER_APPICON_NAME = AppIcon;
				CODE_SIGN_STYLE = Automatic;
				INFOPLIST_FILE = "Test GAM/Info.plist";
				IPHONEOS_DEPLOYMENT_TARGET = 13.0;
				LD_RUNPATH_SEARCH_PATHS = (
					"$(inherited)",
					"@executable_path/Frameworks",
				);
				PRODUCT_BUNDLE_IDENTIFIER = "com.daitensai.Test-GAM";
				PRODUCT_NAME = "$(TARGET_NAME)";
				SWIFT_VERSION = 5.0;
				TARGETED_DEVICE_FAMILY = 1;
			};
			name = Release;
		};
		5EADAEF22562D72D00B53527 /* Debug */ = {
			isa = XCBuildConfiguration;
			buildSettings = {
				ALWAYS_EMBED_SWIFT_STANDARD_LIBRARIES = YES;
				BUNDLE_LOADER = "$(TEST_HOST)";
				CODE_SIGN_STYLE = Automatic;
				INFOPLIST_FILE = "Test GAMTests/Info.plist";
				IPHONEOS_DEPLOYMENT_TARGET = 13.7;
				LD_RUNPATH_SEARCH_PATHS = (
					"$(inherited)",
					"@executable_path/Frameworks",
					"@loader_path/Frameworks",
				);
				PRODUCT_BUNDLE_IDENTIFIER = "com.daitensai.Test-GAMTests";
				PRODUCT_NAME = "$(TARGET_NAME)";
				SWIFT_VERSION = 5.0;
				TARGETED_DEVICE_FAMILY = "1,2";
				TEST_HOST = "$(BUILT_PRODUCTS_DIR)/Test GAM.app/Test GAM";
			};
			name = Debug;
		};
		5EADAEF32562D72D00B53527 /* Release */ = {
			isa = XCBuildConfiguration;
			buildSettings = {
				ALWAYS_EMBED_SWIFT_STANDARD_LIBRARIES = YES;
				BUNDLE_LOADER = "$(TEST_HOST)";
				CODE_SIGN_STYLE = Automatic;
				INFOPLIST_FILE = "Test GAMTests/Info.plist";
				IPHONEOS_DEPLOYMENT_TARGET = 13.7;
				LD_RUNPATH_SEARCH_PATHS = (
					"$(inherited)",
					"@executable_path/Frameworks",
					"@loader_path/Frameworks",
				);
				PRODUCT_BUNDLE_IDENTIFIER = "com.daitensai.Test-GAMTests";
				PRODUCT_NAME = "$(TARGET_NAME)";
				SWIFT_VERSION = 5.0;
				TARGETED_DEVICE_FAMILY = "1,2";
				TEST_HOST = "$(BUILT_PRODUCTS_DIR)/Test GAM.app/Test GAM";
			};
			name = Release;
		};
/* End XCBuildConfiguration section */

/* Begin XCConfigurationList section */
		5EADAECA2562D72800B53527 /* Build configuration list for PBXProject "Test GAM" */ = {
			isa = XCConfigurationList;
			buildConfigurations = (
				5EADAEEC2562D72D00B53527 /* Debug */,
				5EADAEED2562D72D00B53527 /* Release */,
			);
			defaultConfigurationIsVisible = 0;
			defaultConfigurationName = Release;
		};
		5EADAEEE2562D72D00B53527 /* Build configuration list for PBXNativeTarget "Test GAM" */ = {
			isa = XCConfigurationList;
			buildConfigurations = (
				5EADAEEF2562D72D00B53527 /* Debug */,
				5EADAEF02562D72D00B53527 /* Release */,
			);
			defaultConfigurationIsVisible = 0;
			defaultConfigurationName = Release;
		};
		5EADAEF12562D72D00B53527 /* Build configuration list for PBXNativeTarget "Test GAMTests" */ = {
			isa = XCConfigurationList;
			buildConfigurations = (
				5EADAEF22562D72D00B53527 /* Debug */,
				5EADAEF32562D72D00B53527 /* Release */,
			);
			defaultConfigurationIsVisible = 0;
			defaultConfigurationName = Release;
		};
/* End XCConfigurationList section */
	};
	rootObject = 5EADAEC72562D72800B53527 /* Project object */;
}
